
Microsoft Visual Studio Solution File, Format Version 12.00
# Visual Studio Version 16
VisualStudioVersion = 16.0.33027.164
MinimumVisualStudioVersion = 10.0.40219.1
Project("{9A19103F-16F7-4668-BE54-9A1E7A4F7556}") = "WebApplication1", "WebApplication1\WebApplication1.csproj", "{FA5BD67C-5DA7-4799-BDC1-2FEFC50887D0}"
EndProject
Project("{FAE04EC0-301F-11D3-BF4B-00C04F79EFBC}") = "Enterprise.MSTests", "Enterprise.MSTests\Enterprise.MSTests.csproj", "{9DA3A2A8-FC63-44BA-B6F2-6F68B7892A17}"
EndProject
Global
	GlobalSection(SolutionConfigurationPlatforms) = preSolution
		Debug|Any CPU = Debug|Any CPU
		Release|Any CPU = Release|Any CPU
	EndGlobalSection
	GlobalSection(ProjectConfigurationPlatforms) = postSolution
		{FA5BD67C-5DA7-4799-BDC1-2FEFC50887D0}.Debug|Any CPU.ActiveCfg = Debug|Any CPU
		{FA5BD67C-5DA7-4799-BDC1-2FEFC50887D0}.Debug|Any CPU.Build.0 = Debug|Any CPU
		{FA5BD67C-5DA7-4799-BDC1-2FEFC50887D0}.Release|Any CPU.ActiveCfg = Release|Any CPU
		{FA5BD67C-5DA7-4799-BDC1-2FEFC50887D0}.Release|Any CPU.Build.0 = Release|Any CPU
		{9DA3A2A8-FC63-44BA-B6F2-6F68B7892A17}.Debug|Any CPU.ActiveCfg = Debug|Any CPU
		{9DA3A2A8-FC63-44BA-B6F2-6F68B7892A17}.Debug|Any CPU.Build.0 = Debug|Any CPU
		{9DA3A2A8-FC63-44BA-B6F2-6F68B7892A17}.Release|Any CPU.ActiveCfg = Release|Any CPU
		{9DA3A2A8-FC63-44BA-B6F2-6F68B7892A17}.Release|Any CPU.Build.0 = Release|Any CPU
	EndGlobalSection
	GlobalSection(SolutionProperties) = preSolution
		HideSolutionNode = FALSE
	EndGlobalSection
	GlobalSection(ExtensibilityGlobals) = postSolution
		SolutionGuid = {1B99524F-C56B-4FBD-B80B-8EB78D06C6D0}
	EndGlobalSection
EndGlobal
